
Microsoft Visual Studio Solution File, Format Version 12.00
# Visual Studio 15
VisualStudioVersion = 15.0.28010.2036
MinimumVisualStudioVersion = 10.0.40219.1
Project("{9A19103F-16F7-4668-BE54-9A1E7A4F7556}") = "Portal", "Portal\Portal.csproj", "{075C4C3F-FCCC-4EBD-929B-FB73AD7933B7}"
EndProject
Project("{9A19103F-16F7-4668-BE54-9A1E7A4F7556}") = "PortalAPI", "PortalAPI\PortalAPI.csproj", "{94556E66-B766-4C97-BB47-C6D70E34D799}"
EndProject
Project("{9A19103F-16F7-4668-BE54-9A1E7A4F7556}") = "EfCoreGenericRepository", "EfCoreGenericRepository\EfCoreGenericRepository.csproj", "{909BB0AF-F7EE-4F16-A8F8-9B955FA714AC}"
EndProject
Global
	GlobalSection(SolutionConfigurationPlatforms) = preSolution
		Debug|Any CPU = Debug|Any CPU
		Release|Any CPU = Release|Any CPU
	EndGlobalSection
	GlobalSection(ProjectConfigurationPlatforms) = postSolution
		{075C4C3F-FCCC-4EBD-929B-FB73AD7933B7}.Debug|Any CPU.ActiveCfg = Debug|Any CPU
		{075C4C3F-FCCC-4EBD-929B-FB73AD7933B7}.Debug|Any CPU.Build.0 = Debug|Any CPU
		{075C4C3F-FCCC-4EBD-929B-FB73AD7933B7}.Release|Any CPU.ActiveCfg = Release|Any CPU
		{075C4C3F-FCCC-4EBD-929B-FB73AD7933B7}.Release|Any CPU.Build.0 = Release|Any CPU
		{94556E66-B766-4C97-BB47-C6D70E34D799}.Debug|Any CPU.ActiveCfg = Debug|Any CPU
		{94556E66-B766-4C97-BB47-C6D70E34D799}.Debug|Any CPU.Build.0 = Debug|Any CPU
		{94556E66-B766-4C97-BB47-C6D70E34D799}.Release|Any CPU.ActiveCfg = Release|Any CPU
		{94556E66-B766-4C97-BB47-C6D70E34D799}.Release|Any CPU.Build.0 = Release|Any CPU
		{909BB0AF-F7EE-4F16-A8F8-9B955FA714AC}.Debug|Any CPU.ActiveCfg = Debug|Any CPU
		{909BB0AF-F7EE-4F16-A8F8-9B955FA714AC}.Debug|Any CPU.Build.0 = Debug|Any CPU
		{909BB0AF-F7EE-4F16-A8F8-9B955FA714AC}.Release|Any CPU.ActiveCfg = Release|Any CPU
		{909BB0AF-F7EE-4F16-A8F8-9B955FA714AC}.Release|Any CPU.Build.0 = Release|Any CPU
	EndGlobalSection
	GlobalSection(SolutionProperties) = preSolution
		HideSolutionNode = FALSE
	EndGlobalSection
	GlobalSection(ExtensibilityGlobals) = postSolution
		SolutionGuid = {62EE2143-724B-4984-9592-C12C3EAF605D}
	EndGlobalSection
EndGlobal
